
Microsoft Visual Studio Solution File, Format Version 12.00
# Visual Studio Version 17
VisualStudioVersion = 17.4.33122.133
MinimumVisualStudioVersion = 10.0.40219.1
Project("{FAE04EC0-301F-11D3-BF4B-00C04F79EFBC}") = "NZWalks.API", "NZWalks.API\NZWalks.API.csproj", "{2815CB6D-75DF-4D0A-9CC9-BF958F676E45}"
EndProject
Global
	GlobalSection(SolutionConfigurationPlatforms) = preSolution
		Debug|Any CPU = Debug|Any CPU
		Release|Any CPU = Release|Any CPU
	EndGlobalSection
	GlobalSection(ProjectConfigurationPlatforms) = postSolution
		{2815CB6D-75DF-4D0A-9CC9-BF958F676E45}.Debug|Any CPU.ActiveCfg = Debug|Any CPU
		{2815CB6D-75DF-4D0A-9CC9-BF958F676E45}.Debug|Any CPU.Build.0 = Debug|Any CPU
		{2815CB6D-75DF-4D0A-9CC9-BF958F676E45}.Release|Any CPU.ActiveCfg = Release|Any CPU
		{2815CB6D-75DF-4D0A-9CC9-BF958F676E45}.Release|Any CPU.Build.0 = Release|Any CPU
	EndGlobalSection
	GlobalSection(SolutionProperties) = preSolution
		HideSolutionNode = FALSE
	EndGlobalSection
	GlobalSection(ExtensibilityGlobals) = postSolution
		SolutionGuid = {D705C338-FBEB-4557-8993-231FB379D9DE}
	EndGlobalSection
EndGlobal
